// !$*UTF8*$!
{
	archiveVersion = 1;
	classes = {
	};
	objectVersion = 51;
	objects = {

/* Begin PBXBuildFile section */
		92D3AF9FCA432CDD4CE4BF55 /* Pods_login.framework in Frameworks */ = {isa = PBXBuildFile; fileRef = 86B2137EF750D29EEE1B832C /* Pods_login.framework */; };
		C10061632614D484008B2710 /* AppDelegate.swift in Sources */ = {isa = PBXBuildFile; fileRef = C10061622614D484008B2710 /* AppDelegate.swift */; };
		C10061652614D484008B2710 /* SceneDelegate.swift in Sources */ = {isa = PBXBuildFile; fileRef = C10061642614D484008B2710 /* SceneDelegate.swift */; };
		C10061672614D484008B2710 /* ViewController.swift in Sources */ = {isa = PBXBuildFile; fileRef = C10061662614D484008B2710 /* ViewController.swift */; };
		C100616A2614D484008B2710 /* Main.storyboard in Resources */ = {isa = PBXBuildFile; fileRef = C10061682614D484008B2710 /* Main.storyboard */; };
		C100616C2614D486008B2710 /* Assets.xcassets in Resources */ = {isa = PBXBuildFile; fileRef = C100616B2614D486008B2710 /* Assets.xcassets */; };
		C100616F2614D486008B2710 /* LaunchScreen.storyboard in Resources */ = {isa = PBXBuildFile; fileRef = C100616D2614D486008B2710 /* LaunchScreen.storyboard */; };
		C1C0E05E2617378200FA9DD8 /* NextViewController.swift in Sources */ = {isa = PBXBuildFile; fileRef = C1C0E05D2617378200FA9DD8 /* NextViewController.swift */; };
		DFBDF214D1CB4AFBBE1AB7AD /* amplifyconfiguration.json in Resources */ = {isa = PBXBuildFile; fileRef = 11F20BAC5B1C49D5AFF03489 /* amplifyconfiguration.json */; };
		B805AB3B1C014F87B62A4DF8 /* awsconfiguration.json in Resources */ = {isa = PBXBuildFile; fileRef = 4A4B03C3F4184DC1A98029D7 /* awsconfiguration.json */; };
/* End PBXBuildFile section */

/* Begin PBXFileReference section */
		86B2137EF750D29EEE1B832C /* Pods_login.framework */ = {isa = PBXFileReference; explicitFileType = wrapper.framework; includeInIndex = 0; path = Pods_login.framework; sourceTree = BUILT_PRODUCTS_DIR; };
		A7E982956EFA91E8FB99A5F9 /* Pods-login.debug.xcconfig */ = {isa = PBXFileReference; includeInIndex = 1; lastKnownFileType = text.xcconfig; name = "Pods-login.debug.xcconfig"; path = "Target Support Files/Pods-login/Pods-login.debug.xcconfig"; sourceTree = "<group>"; };
		C100615F2614D484008B2710 /* login.app */ = {isa = PBXFileReference; explicitFileType = wrapper.application; includeInIndex = 0; path = login.app; sourceTree = BUILT_PRODUCTS_DIR; };
		C10061622614D484008B2710 /* AppDelegate.swift */ = {isa = PBXFileReference; lastKnownFileType = sourcecode.swift; path = AppDelegate.swift; sourceTree = "<group>"; };
		C10061642614D484008B2710 /* SceneDelegate.swift */ = {isa = PBXFileReference; lastKnownFileType = sourcecode.swift; path = SceneDelegate.swift; sourceTree = "<group>"; };
		C10061662614D484008B2710 /* ViewController.swift */ = {isa = PBXFileReference; lastKnownFileType = sourcecode.swift; path = ViewController.swift; sourceTree = "<group>"; };
		C10061692614D484008B2710 /* Base */ = {isa = PBXFileReference; lastKnownFileType = file.storyboard; name = Base; path = Base.lproj/Main.storyboard; sourceTree = "<group>"; };
		C100616B2614D486008B2710 /* Assets.xcassets */ = {isa = PBXFileReference; lastKnownFileType = folder.assetcatalog; path = Assets.xcassets; sourceTree = "<group>"; };
		C100616E2614D486008B2710 /* Base */ = {isa = PBXFileReference; lastKnownFileType = file.storyboard; name = Base; path = Base.lproj/LaunchScreen.storyboard; sourceTree = "<group>"; };
		C10061702614D486008B2710 /* Info.plist */ = {isa = PBXFileReference; lastKnownFileType = text.plist.xml; path = Info.plist; sourceTree = "<group>"; };
		C1C0E05D2617378200FA9DD8 /* NextViewController.swift */ = {isa = PBXFileReference; lastKnownFileType = sourcecode.swift; path = NextViewController.swift; sourceTree = "<group>"; };
		EF537FA31834088E2F1F09BC /* Pods-login.release.xcconfig */ = {isa = PBXFileReference; includeInIndex = 1; lastKnownFileType = text.xcconfig; name = "Pods-login.release.xcconfig"; path = "Target Support Files/Pods-login/Pods-login.release.xcconfig"; sourceTree = "<group>"; };
		2C10D0BB41F84B64A9EFEE52 /* amplifytools.xcconfig */ = {isa = PBXFileReference; name = "amplifytools.xcconfig"; path = "amplifytools.xcconfig"; sourceTree = "<group>"; fileEncoding = 4; lastKnownFileType = text.xcconfig; explicitFileType = undefined; includeInIndex = 0; };
		11F20BAC5B1C49D5AFF03489 /* amplifyconfiguration.json */ = {isa = PBXFileReference; name = "amplifyconfiguration.json"; path = "amplifyconfiguration.json"; sourceTree = "<group>"; fileEncoding = undefined; lastKnownFileType = unknown; explicitFileType = undefined; includeInIndex = 0; };
		4A4B03C3F4184DC1A98029D7 /* awsconfiguration.json */ = {isa = PBXFileReference; name = "awsconfiguration.json"; path = "awsconfiguration.json"; sourceTree = "<group>"; fileEncoding = undefined; lastKnownFileType = unknown; explicitFileType = undefined; includeInIndex = 0; };
/* End PBXFileReference section */

/* Begin PBXFrameworksBuildPhase section */
		C100615C2614D484008B2710 /* Frameworks */ = {
			isa = PBXFrameworksBuildPhase;
			buildActionMask = 2147483647;
			files = (
				92D3AF9FCA432CDD4CE4BF55 /* Pods_login.framework in Frameworks */,
			);
			runOnlyForDeploymentPostprocessing = 0;
		};
/* End PBXFrameworksBuildPhase section */

/* Begin PBXGroup section */
		4779A555FD41D0427CFAAA59 /* Frameworks */ = {
			isa = PBXGroup;
			children = (
				86B2137EF750D29EEE1B832C /* Pods_login.framework */,
			);
			name = Frameworks;
			sourceTree = "<group>";
		};
		59F162686283405BAC036E27 /* AmplifyConfig */ = {
			isa = PBXGroup;
			children = (
				2C10D0BB41F84B64A9EFEE52 /* amplifytools.xcconfig */,
				11F20BAC5B1C49D5AFF03489 /* amplifyconfiguration.json */,
				4A4B03C3F4184DC1A98029D7 /* awsconfiguration.json */,
			);
			name = AmplifyConfig;
			path = .;
			sourceTree = "<group>";
		};
		C10061562614D484008B2710 = {
			isa = PBXGroup;
			children = (
				59F162686283405BAC036E27 /* AmplifyConfig */,
				C10061612614D484008B2710 /* login */,
				C10061602614D484008B2710 /* Products */,
				C5CBFCE96F90E2CEB5E88F1F /* Pods */,
				4779A555FD41D0427CFAAA59 /* Frameworks */,
			);
			sourceTree = "<group>";
		};
		C10061602614D484008B2710 /* Products */ = {
			isa = PBXGroup;
			children = (
				C100615F2614D484008B2710 /* login.app */,
			);
			name = Products;
			sourceTree = "<group>";
		};
		C10061612614D484008B2710 /* login */ = {
			isa = PBXGroup;
			children = (
				C10061622614D484008B2710 /* AppDelegate.swift */,
				C10061642614D484008B2710 /* SceneDelegate.swift */,
				C10061662614D484008B2710 /* ViewController.swift */,
				C10061682614D484008B2710 /* Main.storyboard */,
				C100616B2614D486008B2710 /* Assets.xcassets */,
				C100616D2614D486008B2710 /* LaunchScreen.storyboard */,
				C10061702614D486008B2710 /* Info.plist */,
				C1C0E05D2617378200FA9DD8 /* NextViewController.swift */,
			);
			path = login;
			sourceTree = "<group>";
		};
		C5CBFCE96F90E2CEB5E88F1F /* Pods */ = {
			isa = PBXGroup;
			children = (
				A7E982956EFA91E8FB99A5F9 /* Pods-login.debug.xcconfig */,
				EF537FA31834088E2F1F09BC /* Pods-login.release.xcconfig */,
			);
			path = Pods;
			sourceTree = "<group>";
		};
		D26CDCD2ECAD4B63A04B5F18 /* Resources */ = {
			isa = PBXGroup;
			children = (
			);
			name = Resources;
			path = undefined;
			sourceTree = "<group>";
		};
/* End PBXGroup section */

/* Begin PBXNativeTarget section */
		C100615E2614D484008B2710 /* login */ = {
			isa = PBXNativeTarget;
			buildConfigurationList = C10061732614D486008B2710 /* Build configuration list for PBXNativeTarget "login" */;
			buildPhases = (
				F9211907F6D60FF49183C991 /* [CP] Check Pods Manifest.lock */,
				C100615B2614D484008B2710 /* Sources */,
				C100615C2614D484008B2710 /* Frameworks */,
				C100615D2614D484008B2710 /* Resources */,
				E43B50B9A2A3A782459D3885 /* [CP] Embed Pods Frameworks */,
			);
			buildRules = (
			);
			dependencies = (
			);
			name = login;
			productName = login;
			productReference = C100615F2614D484008B2710 /* login.app */;
			productType = "com.apple.product-type.application";
		};
/* End PBXNativeTarget section */

/* Begin PBXProject section */
		C10061572614D484008B2710 /* Project object */ = {
			isa = PBXProject;
			attributes = {
				LastSwiftUpdateCheck = 1230;
				LastUpgradeCheck = 1230;
				TargetAttributes = {
					C100615E2614D484008B2710 = {
						CreatedOnToolsVersion = 12.3;
					};
				};
			};
			buildConfigurationList = C100615A2614D484008B2710 /* Build configuration list for PBXProject "login" */;
			compatibilityVersion = "Xcode 9.3";
			developmentRegion = en;
			hasScannedForEncodings = 0;
			knownRegions = (
				en,
				Base,
			);
			mainGroup = C10061562614D484008B2710;
			productRefGroup = C10061602614D484008B2710 /* Products */;
			projectDirPath = "";
			projectRoot = "";
			targets = (
				C100615E2614D484008B2710 /* login */,
			);
		};
/* End PBXProject section */

/* Begin PBXResourcesBuildPhase section */
		C100615D2614D484008B2710 /* Resources */ = {
			isa = PBXResourcesBuildPhase;
			buildActionMask = 2147483647;
			files = (
				C100616F2614D486008B2710 /* LaunchScreen.storyboard in Resources */,
				C100616C2614D486008B2710 /* Assets.xcassets in Resources */,
				C100616A2614D484008B2710 /* Main.storyboard in Resources */,
				DFBDF214D1CB4AFBBE1AB7AD /* amplifyconfiguration.json in Resources */,
				B805AB3B1C014F87B62A4DF8 /* awsconfiguration.json in Resources */,
			);
			runOnlyForDeploymentPostprocessing = 0;
		};
/* End PBXResourcesBuildPhase section */

/* Begin PBXShellScriptBuildPhase section */
		E43B50B9A2A3A782459D3885 /* [CP] Embed Pods Frameworks */ = {
			isa = PBXShellScriptBuildPhase;
			buildActionMask = 2147483647;
			files = (
			);
			inputFileListPaths = (
				"${PODS_ROOT}/Target Support Files/Pods-login/Pods-login-frameworks-${CONFIGURATION}-input-files.xcfilelist",
			);
			name = "[CP] Embed Pods Frameworks";
			outputFileListPaths = (
				"${PODS_ROOT}/Target Support Files/Pods-login/Pods-login-frameworks-${CONFIGURATION}-output-files.xcfilelist",
			);
			runOnlyForDeploymentPostprocessing = 0;
			shellPath = /bin/sh;
			shellScript = "\"${PODS_ROOT}/Target Support Files/Pods-login/Pods-login-frameworks.sh\"\n";
			showEnvVarsInLog = 0;
		};
		F9211907F6D60FF49183C991 /* [CP] Check Pods Manifest.lock */ = {
			isa = PBXShellScriptBuildPhase;
			buildActionMask = 2147483647;
			files = (
			);
			inputFileListPaths = (
			);
			inputPaths = (
				"${PODS_PODFILE_DIR_PATH}/Podfile.lock",
				"${PODS_ROOT}/Manifest.lock",
			);
			name = "[CP] Check Pods Manifest.lock";
			outputFileListPaths = (
			);
			outputPaths = (
				"$(DERIVED_FILE_DIR)/Pods-login-checkManifestLockResult.txt",
			);
			runOnlyForDeploymentPostprocessing = 0;
			shellPath = /bin/sh;
			shellScript = "diff \"${PODS_PODFILE_DIR_PATH}/Podfile.lock\" \"${PODS_ROOT}/Manifest.lock\" > /dev/null\nif [ $? != 0 ] ; then\n    # print error to STDERR\n    echo \"error: The sandbox is not in sync with the Podfile.lock. Run 'pod install' or update your CocoaPods installation.\" >&2\n    exit 1\nfi\n# This output is used by Xcode 'outputs' to avoid re-running this script phase.\necho \"SUCCESS\" > \"${SCRIPT_OUTPUT_FILE_0}\"\n";
			showEnvVarsInLog = 0;
		};
/* End PBXShellScriptBuildPhase section */

/* Begin PBXSourcesBuildPhase section */
		C100615B2614D484008B2710 /* Sources */ = {
			isa = PBXSourcesBuildPhase;
			buildActionMask = 2147483647;
			files = (
				C10061672614D484008B2710 /* ViewController.swift in Sources */,
				C1C0E05E2617378200FA9DD8 /* NextViewController.swift in Sources */,
				C10061632614D484008B2710 /* AppDelegate.swift in Sources */,
				C10061652614D484008B2710 /* SceneDelegate.swift in Sources */,
			);
			runOnlyForDeploymentPostprocessing = 0;
		};
/* End PBXSourcesBuildPhase section */

/* Begin PBXVariantGroup section */
		C10061682614D484008B2710 /* Main.storyboard */ = {
			isa = PBXVariantGroup;
			children = (
				C10061692614D484008B2710 /* Base */,
			);
			name = Main.storyboard;
			sourceTree = "<group>";
		};
		C100616D2614D486008B2710 /* LaunchScreen.storyboard */ = {
			isa = PBXVariantGroup;
			children = (
				C100616E2614D486008B2710 /* Base */,
			);
			name = LaunchScreen.storyboard;
			sourceTree = "<group>";
		};
/* End PBXVariantGroup section */

/* Begin XCBuildConfiguration section */
		C10061712614D486008B2710 /* Debug */ = {
			isa = XCBuildConfiguration;
			buildSettings = {
				ALWAYS_SEARCH_USER_PATHS = NO;
				CLANG_ANALYZER_NONNULL = YES;
				CLANG_ANALYZER_NUMBER_OBJECT_CONVERSION = YES_AGGRESSIVE;
				CLANG_CXX_LANGUAGE_STANDARD = "gnu++14";
				CLANG_CXX_LIBRARY = "libc++";
				CLANG_ENABLE_MODULES = YES;
				CLANG_ENABLE_OBJC_ARC = YES;
				CLANG_ENABLE_OBJC_WEAK = YES;
				CLANG_WARN_BLOCK_CAPTURE_AUTORELEASING = YES;
				CLANG_WARN_BOOL_CONVERSION = YES;
				CLANG_WARN_COMMA = YES;
				CLANG_WARN_CONSTANT_CONVERSION = YES;
				CLANG_WARN_DEPRECATED_OBJC_IMPLEMENTATIONS = YES;
				CLANG_WARN_DIRECT_OBJC_ISA_USAGE = YES_ERROR;
				CLANG_WARN_DOCUMENTATION_COMMENTS = YES;
				CLANG_WARN_EMPTY_BODY = YES;
				CLANG_WARN_ENUM_CONVERSION = YES;
				CLANG_WARN_INFINITE_RECURSION = YES;
				CLANG_WARN_INT_CONVERSION = YES;
				CLANG_WARN_NON_LITERAL_NULL_CONVERSION = YES;
				CLANG_WARN_OBJC_IMPLICIT_RETAIN_SELF = YES;
				CLANG_WARN_OBJC_LITERAL_CONVERSION = YES;
				CLANG_WARN_OBJC_ROOT_CLASS = YES_ERROR;
				CLANG_WARN_QUOTED_INCLUDE_IN_FRAMEWORK_HEADER = YES;
				CLANG_WARN_RANGE_LOOP_ANALYSIS = YES;
				CLANG_WARN_STRICT_PROTOTYPES = YES;
				CLANG_WARN_SUSPICIOUS_MOVE = YES;
				CLANG_WARN_UNGUARDED_AVAILABILITY = YES_AGGRESSIVE;
				CLANG_WARN_UNREACHABLE_CODE = YES;
				CLANG_WARN__DUPLICATE_METHOD_MATCH = YES;
				COPY_PHASE_STRIP = NO;
				DEBUG_INFORMATION_FORMAT = dwarf;
				ENABLE_STRICT_OBJC_MSGSEND = YES;
				ENABLE_TESTABILITY = YES;
				GCC_C_LANGUAGE_STANDARD = gnu11;
				GCC_DYNAMIC_NO_PIC = NO;
				GCC_NO_COMMON_BLOCKS = YES;
				GCC_OPTIMIZATION_LEVEL = 0;
				GCC_PREPROCESSOR_DEFINITIONS = (
					"DEBUG=1",
					"$(inherited)",
				);
				GCC_WARN_64_TO_32_BIT_CONVERSION = YES;
				GCC_WARN_ABOUT_RETURN_TYPE = YES_ERROR;
				GCC_WARN_UNDECLARED_SELECTOR = YES;
				GCC_WARN_UNINITIALIZED_AUTOS = YES_AGGRESSIVE;
				GCC_WARN_UNUSED_FUNCTION = YES;
				GCC_WARN_UNUSED_VARIABLE = YES;
				IPHONEOS_DEPLOYMENT_TARGET = 14.3;
				MTL_ENABLE_DEBUG_INFO = INCLUDE_SOURCE;
				MTL_FAST_MATH = YES;
				ONLY_ACTIVE_ARCH = YES;
				SDKROOT = iphoneos;
				SWIFT_ACTIVE_COMPILATION_CONDITIONS = DEBUG;
				SWIFT_OPTIMIZATION_LEVEL = "-Onone";
			};
			name = Debug;
		};
		C10061722614D486008B2710 /* Release */ = {
			isa = XCBuildConfiguration;
			buildSettings = {
				ALWAYS_SEARCH_USER_PATHS = NO;
				CLANG_ANALYZER_NONNULL = YES;
				CLANG_ANALYZER_NUMBER_OBJECT_CONVERSION = YES_AGGRESSIVE;
				CLANG_CXX_LANGUAGE_STANDARD = "gnu++14";
				CLANG_CXX_LIBRARY = "libc++";
				CLANG_ENABLE_MODULES = YES;
				CLANG_ENABLE_OBJC_ARC = YES;
				CLANG_ENABLE_OBJC_WEAK = YES;
				CLANG_WARN_BLOCK_CAPTURE_AUTORELEASING = YES;
				CLANG_WARN_BOOL_CONVERSION = YES;
				CLANG_WARN_COMMA = YES;
				CLANG_WARN_CONSTANT_CONVERSION = YES;
				CLANG_WARN_DEPRECATED_OBJC_IMPLEMENTATIONS = YES;
				CLANG_WARN_DIRECT_OBJC_ISA_USAGE = YES_ERROR;
				CLANG_WARN_DOCUMENTATION_COMMENTS = YES;
				CLANG_WARN_EMPTY_BODY = YES;
				CLANG_WARN_ENUM_CONVERSION = YES;
				CLANG_WARN_INFINITE_RECURSION = YES;
				CLANG_WARN_INT_CONVERSION = YES;
				CLANG_WARN_NON_LITERAL_NULL_CONVERSION = YES;
				CLANG_WARN_OBJC_IMPLICIT_RETAIN_SELF = YES;
				CLANG_WARN_OBJC_LITERAL_CONVERSION = YES;
				CLANG_WARN_OBJC_ROOT_CLASS = YES_ERROR;
				CLANG_WARN_QUOTED_INCLUDE_IN_FRAMEWORK_HEADER = YES;
				CLANG_WARN_RANGE_LOOP_ANALYSIS = YES;
				CLANG_WARN_STRICT_PROTOTYPES = YES;
				CLANG_WARN_SUSPICIOUS_MOVE = YES;
				CLANG_WARN_UNGUARDED_AVAILABILITY = YES_AGGRESSIVE;
				CLANG_WARN_UNREACHABLE_CODE = YES;
				CLANG_WARN__DUPLICATE_METHOD_MATCH = YES;
				COPY_PHASE_STRIP = NO;
				DEBUG_INFORMATION_FORMAT = "dwarf-with-dsym";
				ENABLE_NS_ASSERTIONS = NO;
				ENABLE_STRICT_OBJC_MSGSEND = YES;
				GCC_C_LANGUAGE_STANDARD = gnu11;
				GCC_NO_COMMON_BLOCKS = YES;
				GCC_WARN_64_TO_32_BIT_CONVERSION = YES;
				GCC_WARN_ABOUT_RETURN_TYPE = YES_ERROR;
				GCC_WARN_UNDECLARED_SELECTOR = YES;
				GCC_WARN_UNINITIALIZED_AUTOS = YES_AGGRESSIVE;
				GCC_WARN_UNUSED_FUNCTION = YES;
				GCC_WARN_UNUSED_VARIABLE = YES;
				IPHONEOS_DEPLOYMENT_TARGET = 14.3;
				MTL_ENABLE_DEBUG_INFO = NO;
				MTL_FAST_MATH = YES;
				SDKROOT = iphoneos;
				SWIFT_COMPILATION_MODE = wholemodule;
				SWIFT_OPTIMIZATION_LEVEL = "-O";
				VALIDATE_PRODUCT = YES;
			};
			name = Release;
		};
		C10061742614D486008B2710 /* Debug */ = {
			isa = XCBuildConfiguration;
			baseConfigurationReference = A7E982956EFA91E8FB99A5F9 /* Pods-login.debug.xcconfig */;
			buildSettings = {
				ASSETCATALOG_COMPILER_APPICON_NAME = AppIcon;
				ASSETCATALOG_COMPILER_GLOBAL_ACCENT_COLOR_NAME = AccentColor;
				CODE_SIGN_STYLE = Automatic;
				DEVELOPMENT_TEAM = 37L8368F83;
				INFOPLIST_FILE = login/Info.plist;
				LD_RUNPATH_SEARCH_PATHS = (
					"$(inherited)",
					"@executable_path/Frameworks",
				);
				PRODUCT_BUNDLE_IDENTIFIER = com.yukaokada.login;
				PRODUCT_NAME = "$(TARGET_NAME)";
				SWIFT_VERSION = 5.0;
				TARGETED_DEVICE_FAMILY = "1,2";
			};
			name = Debug;
		};
		C10061752614D486008B2710 /* Release */ = {
			isa = XCBuildConfiguration;
			baseConfigurationReference = EF537FA31834088E2F1F09BC /* Pods-login.release.xcconfig */;
			buildSettings = {
				ASSETCATALOG_COMPILER_APPICON_NAME = AppIcon;
				ASSETCATALOG_COMPILER_GLOBAL_ACCENT_COLOR_NAME = AccentColor;
				CODE_SIGN_STYLE = Automatic;
				DEVELOPMENT_TEAM = 37L8368F83;
				INFOPLIST_FILE = login/Info.plist;
				LD_RUNPATH_SEARCH_PATHS = (
					"$(inherited)",
					"@executable_path/Frameworks",
				);
				PRODUCT_BUNDLE_IDENTIFIER = com.yukaokada.login;
				PRODUCT_NAME = "$(TARGET_NAME)";
				SWIFT_VERSION = 5.0;
				TARGETED_DEVICE_FAMILY = "1,2";
			};
			name = Release;
		};
/* End XCBuildConfiguration section */

/* Begin XCConfigurationList section */
		C100615A2614D484008B2710 /* Build configuration list for PBXProject "login" */ = {
			isa = XCConfigurationList;
			buildConfigurations = (
				C10061712614D486008B2710 /* Debug */,
				C10061722614D486008B2710 /* Release */,
			);
			defaultConfigurationIsVisible = 0;
			defaultConfigurationName = Release;
		};
		C10061732614D486008B2710 /* Build configuration list for PBXNativeTarget "login" */ = {
			isa = XCConfigurationList;
			buildConfigurations = (
				C10061742614D486008B2710 /* Debug */,
				C10061752614D486008B2710 /* Release */,
			);
			defaultConfigurationIsVisible = 0;
			defaultConfigurationName = Release;
		};
/* End XCConfigurationList section */
	};
	rootObject = C10061572614D484008B2710 /* Project object */;
}
